{
  "name": "mnemazine",
  "version": "0.1.0",
  "lockfileVersion": 3,
  "requires": true,
  "packages": {
    "": {
      "name": "mnemazine",
      "version": "0.1.0",
      "license": "MIT",
      "bin": {
        "mnemazine": "bin/mnemazine",
        "Mnemazine": "bin/mnemazine"
      },
      "engines": {
        "node": ">=20"
      }
    }
  }
}
