# Тяжёлое медиа: локальная расшифровка речи. ~1.1 ГБ, ставится вторым шагом и НЕ обязательно.
# Колёс под macOS x86_64 у этих версий нет - на Intel-маках шаг честно деградирует, ядро при этом стоит.
# Без него видео и аудио читаются по субтитрам или через LLM.
llvmlite==0.47.0
numba==0.65.1
openai-whisper==20250625
torch==2.12.1
