annotated-doc==0.0.4
anyio==4.14.0
beautifulsoup4==4.15.0
certifi==2026.6.17
charset-normalizer==3.4.7
click==8.4.1
dawg2-python==0.9.0
defusedxml==0.7.1
fastembed==0.8.0
filelock==3.29.4
flatbuffers==25.12.19
fsspec==2026.6.0
graphifyy==0.8.46
h11==0.16.0
hf-xet==1.5.1
httpcore==1.0.9
httpx==0.28.1
huggingface_hub==1.20.1
idna==3.18
Jinja2==3.1.6
llvmlite==0.47.0
loguru==0.7.3
magika==0.6.3
markdown-it-py==4.2.0
markdownify==1.2.2
markitdown==0.1.6
MarkupSafe==3.0.3
mdurl==0.1.2
mmh3==5.2.1
more-itertools==11.1.0
mpmath==1.3.0
networkx==3.6.1
numba==0.65.1
numpy==2.4.6
onnxruntime==1.27.0
openai-whisper==20250625
packaging==26.2
pillow==12.2.0
protobuf==7.35.1
py_rust_stemmers==0.1.8
Pygments==2.20.0
PyMuPDF==1.27.2.3
pymorphy3==2.0.6
pymorphy3-dicts-ru==2.4.417150.4580142
pypdf==6.14.2
python-dotenv==1.2.2
PyYAML==6.0.3
RapidFuzz==3.14.5
razdel==0.5.0
regex==2026.5.9
reportlab==5.0.0
requests==2.34.2
rich==15.0.0
shellingham==1.5.4
six==1.17.0
soupsieve==2.8.4
sympy==1.14.0
tiktoken==0.13.0
tokenizers==0.23.1
torch==2.12.1
tqdm==4.68.3
tree-sitter==0.25.2
tree-sitter-bash==0.25.1
tree-sitter-c==0.24.2
tree-sitter-c-sharp==0.23.5
tree-sitter-cpp==0.23.4
tree-sitter-elixir==0.3.5
tree-sitter-fortran==0.6.0
tree-sitter-go==0.25.0
tree-sitter-groovy==0.1.2
tree-sitter-java==0.23.5
tree-sitter-javascript==0.25.0
tree-sitter-json==0.24.8
tree-sitter-julia==0.23.1
tree-sitter-kotlin==1.1.0
tree-sitter-lua==0.5.0
tree-sitter-objc==3.0.2
tree-sitter-php==0.24.1
tree-sitter-powershell==0.26.4
tree-sitter-python==0.25.0
tree-sitter-ruby==0.23.1
tree-sitter-rust==0.24.2
tree-sitter-scala==0.26.0
tree-sitter-swift==0.7.3
tree-sitter-typescript==0.23.2
tree-sitter-verilog==1.0.3
tree-sitter-zig==1.1.2
typer==0.25.1
typing_extensions==4.15.0
urllib3==2.7.0
